// !$*UTF8*$!
{
	archiveVersion = 1;
	classes = {
	};
	objectVersion = 54;
	objects = {

/* Begin PBXBuildFile section */
		722C5FC72C8F9FA800F34653 /* FragmentShaderCalculatedViewController.swift in Sources */ = {isa = PBXBuildFile; fileRef = 722C5FC22C8F9FA800F34653 /* FragmentShaderCalculatedViewController.swift */; };
		722C5FC82C8F9FA800F34653 /* AppDelegate.swift in Sources */ = {isa = PBXBuildFile; fileRef = 722C5FC42C8F9FA800F34653 /* AppDelegate.swift */; };
		722C5FC92C8F9FA800F34653 /* SceneDelegate.swift in Sources */ = {isa = PBXBuildFile; fileRef = 722C5FC52C8F9FA800F34653 /* SceneDelegate.swift */; };
		722C5FCD2C8F9FDD00F34653 /* FractalLibrary in Frameworks */ = {isa = PBXBuildFile; productRef = 722C5FCC2C8F9FDD00F34653 /* FractalLibrary */; };
		728FE9222CBB2E460026F489 /* FractalLibrary in Frameworks */ = {isa = PBXBuildFile; productRef = 728FE9212CBB2E460026F489 /* FractalLibrary */; };
		72D792182C8D01790023C27D /* Assets.xcassets in Resources */ = {isa = PBXBuildFile; fileRef = 72D792172C8D01790023C27D /* Assets.xcassets */; };
		72D7921B2C8D01790023C27D /* Base in Resources */ = {isa = PBXBuildFile; fileRef = 72D7921A2C8D01790023C27D /* Base */; };
		72D792272C8D01CB0023C27D /* AppDelegate.swift in Sources */ = {isa = PBXBuildFile; fileRef = 72D792262C8D01CB0023C27D /* AppDelegate.swift */; };
		72D792292C8D01CB0023C27D /* ViewController.swift in Sources */ = {isa = PBXBuildFile; fileRef = 72D792282C8D01CB0023C27D /* ViewController.swift */; };
		72D7922B2C8D01CC0023C27D /* Assets.xcassets in Resources */ = {isa = PBXBuildFile; fileRef = 72D7922A2C8D01CC0023C27D /* Assets.xcassets */; };
		72D7922E2C8D01CC0023C27D /* Base in Resources */ = {isa = PBXBuildFile; fileRef = 72D7922D2C8D01CC0023C27D /* Base */; };
/* End PBXBuildFile section */

/* Begin PBXFileReference section */
		722C5FC12C8F954F00F34653 /* FractalLibrary */ = {isa = PBXFileReference; lastKnownFileType = wrapper; path = FractalLibrary; sourceTree = "<group>"; };
		722C5FC22C8F9FA800F34653 /* FragmentShaderCalculatedViewController.swift */ = {isa = PBXFileReference; fileEncoding = 4; lastKnownFileType = sourcecode.swift; path = FragmentShaderCalculatedViewController.swift; sourceTree = "<group>"; };
		722C5FC42C8F9FA800F34653 /* AppDelegate.swift */ = {isa = PBXFileReference; fileEncoding = 4; lastKnownFileType = sourcecode.swift; path = AppDelegate.swift; sourceTree = "<group>"; };
		722C5FC52C8F9FA800F34653 /* SceneDelegate.swift */ = {isa = PBXFileReference; fileEncoding = 4; lastKnownFileType = sourcecode.swift; path = SceneDelegate.swift; sourceTree = "<group>"; };
		72D7920C2C8D01780023C27D /* MetalMandelbrot(iOS).app */ = {isa = PBXFileReference; explicitFileType = wrapper.application; includeInIndex = 0; path = "MetalMandelbrot(iOS).app"; sourceTree = BUILT_PRODUCTS_DIR; };
		72D792172C8D01790023C27D /* Assets.xcassets */ = {isa = PBXFileReference; lastKnownFileType = folder.assetcatalog; path = Assets.xcassets; sourceTree = "<group>"; };
		72D7921A2C8D01790023C27D /* Base */ = {isa = PBXFileReference; lastKnownFileType = file.storyboard; name = Base; path = Base.lproj/LaunchScreen.storyboard; sourceTree = "<group>"; };
		72D7921C2C8D01790023C27D /* Info.plist */ = {isa = PBXFileReference; lastKnownFileType = text.plist.xml; path = Info.plist; sourceTree = "<group>"; };
		72D792242C8D01CB0023C27D /* MetalMandelbrot(macOS).app */ = {isa = PBXFileReference; explicitFileType = wrapper.application; includeInIndex = 0; path = "MetalMandelbrot(macOS).app"; sourceTree = BUILT_PRODUCTS_DIR; };
		72D792262C8D01CB0023C27D /* AppDelegate.swift */ = {isa = PBXFileReference; lastKnownFileType = sourcecode.swift; path = AppDelegate.swift; sourceTree = "<group>"; };
		72D792282C8D01CB0023C27D /* ViewController.swift */ = {isa = PBXFileReference; lastKnownFileType = sourcecode.swift; path = ViewController.swift; sourceTree = "<group>"; };
		72D7922A2C8D01CC0023C27D /* Assets.xcassets */ = {isa = PBXFileReference; lastKnownFileType = folder.assetcatalog; path = Assets.xcassets; sourceTree = "<group>"; };
		72D7922D2C8D01CC0023C27D /* Base */ = {isa = PBXFileReference; lastKnownFileType = file.storyboard; name = Base; path = Base.lproj/Main.storyboard; sourceTree = "<group>"; };
		72D7922F2C8D01CC0023C27D /* MetalMandelbrot_macOS_.entitlements */ = {isa = PBXFileReference; lastKnownFileType = text.plist.entitlements; path = MetalMandelbrot_macOS_.entitlements; sourceTree = "<group>"; };
/* End PBXFileReference section */

/* Begin PBXFrameworksBuildPhase section */
		72D792092C8D01780023C27D /* Frameworks */ = {
			isa = PBXFrameworksBuildPhase;
			buildActionMask = 2147483647;
			files = (
				722C5FCD2C8F9FDD00F34653 /* FractalLibrary in Frameworks */,
			);
			runOnlyForDeploymentPostprocessing = 0;
		};
		72D792212C8D01CB0023C27D /* Frameworks */ = {
			isa = PBXFrameworksBuildPhase;
			buildActionMask = 2147483647;
			files = (
				728FE9222CBB2E460026F489 /* FractalLibrary in Frameworks */,
			);
			runOnlyForDeploymentPostprocessing = 0;
		};
/* End PBXFrameworksBuildPhase section */

/* Begin PBXGroup section */
		3A1B68A926C1C56B008AC4D9 = {
			isa = PBXGroup;
			children = (
				722C5FC12C8F954F00F34653 /* FractalLibrary */,
				72D7920D2C8D01780023C27D /* MetalMandelbrot(iOS) */,
				72D792252C8D01CB0023C27D /* MetalMandelbrot(macOS) */,
				3A1B68B326C1C56B008AC4D9 /* Products */,
				722C5FCB2C8F9FDD00F34653 /* Frameworks */,
			);
			sourceTree = "<group>";
		};
		3A1B68B326C1C56B008AC4D9 /* Products */ = {
			isa = PBXGroup;
			children = (
				72D7920C2C8D01780023C27D /* MetalMandelbrot(iOS).app */,
				72D792242C8D01CB0023C27D /* MetalMandelbrot(macOS).app */,
			);
			name = Products;
			sourceTree = "<group>";
		};
		722C5FC32C8F9FA800F34653 /* FragmetnShaderCalculated */ = {
			isa = PBXGroup;
			children = (
				722C5FC22C8F9FA800F34653 /* FragmentShaderCalculatedViewController.swift */,
			);
			path = FragmetnShaderCalculated;
			sourceTree = "<group>";
		};
		722C5FC62C8F9FA800F34653 /* EntryPoint */ = {
			isa = PBXGroup;
			children = (
				722C5FC42C8F9FA800F34653 /* AppDelegate.swift */,
				722C5FC52C8F9FA800F34653 /* SceneDelegate.swift */,
			);
			path = EntryPoint;
			sourceTree = "<group>";
		};
		722C5FCB2C8F9FDD00F34653 /* Frameworks */ = {
			isa = PBXGroup;
			children = (
			);
			name = Frameworks;
			sourceTree = "<group>";
		};
		72D7920D2C8D01780023C27D /* MetalMandelbrot(iOS) */ = {
			isa = PBXGroup;
			children = (
				722C5FC62C8F9FA800F34653 /* EntryPoint */,
				722C5FC32C8F9FA800F34653 /* FragmetnShaderCalculated */,
				72D792172C8D01790023C27D /* Assets.xcassets */,
				72D792192C8D01790023C27D /* LaunchScreen.storyboard */,
				72D7921C2C8D01790023C27D /* Info.plist */,
			);
			path = "MetalMandelbrot(iOS)";
			sourceTree = "<group>";
		};
		72D792252C8D01CB0023C27D /* MetalMandelbrot(macOS) */ = {
			isa = PBXGroup;
			children = (
				72D792262C8D01CB0023C27D /* AppDelegate.swift */,
				72D792282C8D01CB0023C27D /* ViewController.swift */,
				72D7922A2C8D01CC0023C27D /* Assets.xcassets */,
				72D7922C2C8D01CC0023C27D /* Main.storyboard */,
				72D7922F2C8D01CC0023C27D /* MetalMandelbrot_macOS_.entitlements */,
			);
			path = "MetalMandelbrot(macOS)";
			sourceTree = "<group>";
		};
/* End PBXGroup section */

/* Begin PBXNativeTarget section */
		72D7920B2C8D01780023C27D /* MetalMandelbrot(iOS) */ = {
			isa = PBXNativeTarget;
			buildConfigurationList = 72D7921F2C8D01790023C27D /* Build configuration list for PBXNativeTarget "MetalMandelbrot(iOS)" */;
			buildPhases = (
				72D792082C8D01780023C27D /* Sources */,
				72D792092C8D01780023C27D /* Frameworks */,
				72D7920A2C8D01780023C27D /* Resources */,
			);
			buildRules = (
			);
			dependencies = (
			);
			name = "MetalMandelbrot(iOS)";
			packageProductDependencies = (
				722C5FCC2C8F9FDD00F34653 /* FractalLibrary */,
			);
			productName = "MetalMandelbrot(iOS)";
			productReference = 72D7920C2C8D01780023C27D /* MetalMandelbrot(iOS).app */;
			productType = "com.apple.product-type.application";
		};
		72D792232C8D01CB0023C27D /* MetalMandelbrot(macOS) */ = {
			isa = PBXNativeTarget;
			buildConfigurationList = 72D792302C8D01CC0023C27D /* Build configuration list for PBXNativeTarget "MetalMandelbrot(macOS)" */;
			buildPhases = (
				72D792202C8D01CB0023C27D /* Sources */,
				72D792212C8D01CB0023C27D /* Frameworks */,
				72D792222C8D01CB0023C27D /* Resources */,
			);
			buildRules = (
			);
			dependencies = (
			);
			name = "MetalMandelbrot(macOS)";
			productName = "MetalMandelbrot(macOS)";
			productReference = 72D792242C8D01CB0023C27D /* MetalMandelbrot(macOS).app */;
			productType = "com.apple.product-type.application";
		};
/* End PBXNativeTarget section */

/* Begin PBXProject section */
		3A1B68AA26C1C56B008AC4D9 /* Project object */ = {
			isa = PBXProject;
			attributes = {
				BuildIndependentTargetsInParallel = YES;
				LastSwiftUpdateCheck = 1540;
				LastUpgradeCheck = 1540;
				TargetAttributes = {
					72D7920B2C8D01780023C27D = {
						CreatedOnToolsVersion = 15.4;
					};
					72D792232C8D01CB0023C27D = {
						CreatedOnToolsVersion = 15.4;
					};
				};
			};
			buildConfigurationList = 3A1B68AD26C1C56B008AC4D9 /* Build configuration list for PBXProject "MetalMandelbrot" */;
			compatibilityVersion = "Xcode 9.3";
			developmentRegion = en;
			hasScannedForEncodings = 0;
			knownRegions = (
				en,
				Base,
			);
			mainGroup = 3A1B68A926C1C56B008AC4D9;
			packageReferences = (
			);
			productRefGroup = 3A1B68B326C1C56B008AC4D9 /* Products */;
			projectDirPath = "";
			projectRoot = "";
			targets = (
				72D7920B2C8D01780023C27D /* MetalMandelbrot(iOS) */,
				72D792232C8D01CB0023C27D /* MetalMandelbrot(macOS) */,
			);
		};
/* End PBXProject section */

/* Begin PBXResourcesBuildPhase section */
		72D7920A2C8D01780023C27D /* Resources */ = {
			isa = PBXResourcesBuildPhase;
			buildActionMask = 2147483647;
			files = (
				72D792182C8D01790023C27D /* Assets.xcassets in Resources */,
				72D7921B2C8D01790023C27D /* Base in Resources */,
			);
			runOnlyForDeploymentPostprocessing = 0;
		};
		72D792222C8D01CB0023C27D /* Resources */ = {
			isa = PBXResourcesBuildPhase;
			buildActionMask = 2147483647;
			files = (
				72D7922B2C8D01CC0023C27D /* Assets.xcassets in Resources */,
				72D7922E2C8D01CC0023C27D /* Base in Resources */,
			);
			runOnlyForDeploymentPostprocessing = 0;
		};
/* End PBXResourcesBuildPhase section */

/* Begin PBXSourcesBuildPhase section */
		72D792082C8D01780023C27D /* Sources */ = {
			isa = PBXSourcesBuildPhase;
			buildActionMask = 2147483647;
			files = (
				722C5FC82C8F9FA800F34653 /* AppDelegate.swift in Sources */,
				722C5FC72C8F9FA800F34653 /* FragmentShaderCalculatedViewController.swift in Sources */,
				722C5FC92C8F9FA800F34653 /* SceneDelegate.swift in Sources */,
			);
			runOnlyForDeploymentPostprocessing = 0;
		};
		72D792202C8D01CB0023C27D /* Sources */ = {
			isa = PBXSourcesBuildPhase;
			buildActionMask = 2147483647;
			files = (
				72D792292C8D01CB0023C27D /* ViewController.swift in Sources */,
				72D792272C8D01CB0023C27D /* AppDelegate.swift in Sources */,
			);
			runOnlyForDeploymentPostprocessing = 0;
		};
/* End PBXSourcesBuildPhase section */

/* Begin PBXVariantGroup section */
		72D792192C8D01790023C27D /* LaunchScreen.storyboard */ = {
			isa = PBXVariantGroup;
			children = (
				72D7921A2C8D01790023C27D /* Base */,
			);
			name = LaunchScreen.storyboard;
			sourceTree = "<group>";
		};
		72D7922C2C8D01CC0023C27D /* Main.storyboard */ = {
			isa = PBXVariantGroup;
			children = (
				72D7922D2C8D01CC0023C27D /* Base */,
			);
			name = Main.storyboard;
			sourceTree = "<group>";
		};
/* End PBXVariantGroup section */

/* Begin XCBuildConfiguration section */
		3A1B68C426C1C56C008AC4D9 /* Debug */ = {
			isa = XCBuildConfiguration;
			buildSettings = {
				ALWAYS_SEARCH_USER_PATHS = NO;
				CLANG_ANALYZER_NONNULL = YES;
				CLANG_ANALYZER_NUMBER_OBJECT_CONVERSION = YES_AGGRESSIVE;
				CLANG_CXX_LANGUAGE_STANDARD = "gnu++14";
				CLANG_CXX_LIBRARY = "libc++";
				CLANG_ENABLE_MODULES = YES;
				CLANG_ENABLE_OBJC_ARC = YES;
				CLANG_ENABLE_OBJC_WEAK = YES;
				CLANG_WARN_BLOCK_CAPTURE_AUTORELEASING = YES;
				CLANG_WARN_BOOL_CONVERSION = YES;
				CLANG_WARN_COMMA = YES;
				CLANG_WARN_CONSTANT_CONVERSION = YES;
				CLANG_WARN_DEPRECATED_OBJC_IMPLEMENTATIONS = YES;
				CLANG_WARN_DIRECT_OBJC_ISA_USAGE = YES_ERROR;
				CLANG_WARN_DOCUMENTATION_COMMENTS = YES;
				CLANG_WARN_EMPTY_BODY = YES;
				CLANG_WARN_ENUM_CONVERSION = YES;
				CLANG_WARN_INFINITE_RECURSION = YES;
				CLANG_WARN_INT_CONVERSION = YES;
				CLANG_WARN_NON_LITERAL_NULL_CONVERSION = YES;
				CLANG_WARN_OBJC_IMPLICIT_RETAIN_SELF = YES;
				CLANG_WARN_OBJC_LITERAL_CONVERSION = YES;
				CLANG_WARN_OBJC_ROOT_CLASS = YES_ERROR;
				CLANG_WARN_QUOTED_INCLUDE_IN_FRAMEWORK_HEADER = YES;
				CLANG_WARN_RANGE_LOOP_ANALYSIS = YES;
				CLANG_WARN_STRICT_PROTOTYPES = YES;
				CLANG_WARN_SUSPICIOUS_MOVE = YES;
				CLANG_WARN_UNGUARDED_AVAILABILITY = YES_AGGRESSIVE;
				CLANG_WARN_UNREACHABLE_CODE = YES;
				CLANG_WARN__DUPLICATE_METHOD_MATCH = YES;
				COPY_PHASE_STRIP = NO;
				DEBUG_INFORMATION_FORMAT = dwarf;
				ENABLE_STRICT_OBJC_MSGSEND = YES;
				ENABLE_TESTABILITY = YES;
				GCC_C_LANGUAGE_STANDARD = gnu11;
				GCC_DYNAMIC_NO_PIC = NO;
				GCC_NO_COMMON_BLOCKS = YES;
				GCC_OPTIMIZATION_LEVEL = 0;
				GCC_PREPROCESSOR_DEFINITIONS = (
					"DEBUG=1",
					"$(inherited)",
				);
				GCC_WARN_64_TO_32_BIT_CONVERSION = YES;
				GCC_WARN_ABOUT_RETURN_TYPE = YES_ERROR;
				GCC_WARN_UNDECLARED_SELECTOR = YES;
				GCC_WARN_UNINITIALIZED_AUTOS = YES_AGGRESSIVE;
				GCC_WARN_UNUSED_FUNCTION = YES;
				GCC_WARN_UNUSED_VARIABLE = YES;
				IPHONEOS_DEPLOYMENT_TARGET = 17.5;
				MACOSX_DEPLOYMENT_TARGET = 14.5;
				MTL_ENABLE_DEBUG_INFO = INCLUDE_SOURCE;
				MTL_FAST_MATH = YES;
				ONLY_ACTIVE_ARCH = YES;
				SDKROOT = iphoneos;
				SWIFT_ACTIVE_COMPILATION_CONDITIONS = DEBUG;
				SWIFT_OPTIMIZATION_LEVEL = "-Onone";
			};
			name = Debug;
		};
		3A1B68C526C1C56C008AC4D9 /* Release */ = {
			isa = XCBuildConfiguration;
			buildSettings = {
				ALWAYS_SEARCH_USER_PATHS = NO;
				CLANG_ANALYZER_NONNULL = YES;
				CLANG_ANALYZER_NUMBER_OBJECT_CONVERSION = YES_AGGRESSIVE;
				CLANG_CXX_LANGUAGE_STANDARD = "gnu++14";
				CLANG_CXX_LIBRARY = "libc++";
				CLANG_ENABLE_MODULES = YES;
				CLANG_ENABLE_OBJC_ARC = YES;
				CLANG_ENABLE_OBJC_WEAK = YES;
				CLANG_WARN_BLOCK_CAPTURE_AUTORELEASING = YES;
				CLANG_WARN_BOOL_CONVERSION = YES;
				CLANG_WARN_COMMA = YES;
				CLANG_WARN_CONSTANT_CONVERSION = YES;
				CLANG_WARN_DEPRECATED_OBJC_IMPLEMENTATIONS = YES;
				CLANG_WARN_DIRECT_OBJC_ISA_USAGE = YES_ERROR;
				CLANG_WARN_DOCUMENTATION_COMMENTS = YES;
				CLANG_WARN_EMPTY_BODY = YES;
				CLANG_WARN_ENUM_CONVERSION = YES;
				CLANG_WARN_INFINITE_RECURSION = YES;
				CLANG_WARN_INT_CONVERSION = YES;
				CLANG_WARN_NON_LITERAL_NULL_CONVERSION = YES;
				CLANG_WARN_OBJC_IMPLICIT_RETAIN_SELF = YES;
				CLANG_WARN_OBJC_LITERAL_CONVERSION = YES;
				CLANG_WARN_OBJC_ROOT_CLASS = YES_ERROR;
				CLANG_WARN_QUOTED_INCLUDE_IN_FRAMEWORK_HEADER = YES;
				CLANG_WARN_RANGE_LOOP_ANALYSIS = YES;
				CLANG_WARN_STRICT_PROTOTYPES = YES;
				CLANG_WARN_SUSPICIOUS_MOVE = YES;
				CLANG_WARN_UNGUARDED_AVAILABILITY = YES_AGGRESSIVE;
				CLANG_WARN_UNREACHABLE_CODE = YES;
				CLANG_WARN__DUPLICATE_METHOD_MATCH = YES;
				COPY_PHASE_STRIP = NO;
				DEBUG_INFORMATION_FORMAT = "dwarf-with-dsym";
				ENABLE_NS_ASSERTIONS = NO;
				ENABLE_STRICT_OBJC_MSGSEND = YES;
				GCC_C_LANGUAGE_STANDARD = gnu11;
				GCC_NO_COMMON_BLOCKS = YES;
				GCC_WARN_64_TO_32_BIT_CONVERSION = YES;
				GCC_WARN_ABOUT_RETURN_TYPE = YES_ERROR;
				GCC_WARN_UNDECLARED_SELECTOR = YES;
				GCC_WARN_UNINITIALIZED_AUTOS = YES_AGGRESSIVE;
				GCC_WARN_UNUSED_FUNCTION = YES;
				GCC_WARN_UNUSED_VARIABLE = YES;
				IPHONEOS_DEPLOYMENT_TARGET = 17.5;
				MACOSX_DEPLOYMENT_TARGET = 14.5;
				MTL_ENABLE_DEBUG_INFO = NO;
				MTL_FAST_MATH = YES;
				SDKROOT = iphoneos;
				SWIFT_COMPILATION_MODE = wholemodule;
				SWIFT_OPTIMIZATION_LEVEL = "-O";
				VALIDATE_PRODUCT = YES;
			};
			name = Release;
		};
		72D7921D2C8D01790023C27D /* Debug */ = {
			isa = XCBuildConfiguration;
			buildSettings = {
				ASSETCATALOG_COMPILER_APPICON_NAME = AppIcon;
				ASSETCATALOG_COMPILER_GENERATE_SWIFT_ASSET_SYMBOL_EXTENSIONS = YES;
				ASSETCATALOG_COMPILER_GLOBAL_ACCENT_COLOR_NAME = AccentColor;
				CLANG_CXX_LANGUAGE_STANDARD = "gnu++20";
				CODE_SIGN_STYLE = Automatic;
				CURRENT_PROJECT_VERSION = 1;
				DEVELOPMENT_TEAM = T9559G4W45;
				ENABLE_USER_SCRIPT_SANDBOXING = YES;
				GCC_C_LANGUAGE_STANDARD = gnu17;
				GENERATE_INFOPLIST_FILE = YES;
				INFOPLIST_FILE = "MetalMandelbrot(iOS)/Info.plist";
				INFOPLIST_KEY_UIApplicationSupportsIndirectInputEvents = YES;
				INFOPLIST_KEY_UILaunchStoryboardName = LaunchScreen;
				INFOPLIST_KEY_UISupportedInterfaceOrientations_iPad = "UIInterfaceOrientationPortrait UIInterfaceOrientationPortraitUpsideDown UIInterfaceOrientationLandscapeLeft UIInterfaceOrientationLandscapeRight";
				INFOPLIST_KEY_UISupportedInterfaceOrientations_iPhone = "UIInterfaceOrientationPortrait UIInterfaceOrientationLandscapeLeft UIInterfaceOrientationLandscapeRight";
				IPHONEOS_DEPLOYMENT_TARGET = 17.5;
				LD_RUNPATH_SEARCH_PATHS = (
					"$(inherited)",
					"@executable_path/Frameworks",
				);
				LOCALIZATION_PREFERS_STRING_CATALOGS = YES;
				MARKETING_VERSION = 1.0;
				PRODUCT_BUNDLE_IDENTIFIER = "AntonHryshchuk.MetalMandelbrot-iOS";
				PRODUCT_NAME = "$(TARGET_NAME)";
				SUPPORTED_PLATFORMS = "iphoneos iphonesimulator";
				SUPPORTS_MACCATALYST = NO;
				SUPPORTS_MAC_DESIGNED_FOR_IPHONE_IPAD = NO;
				SWIFT_ACTIVE_COMPILATION_CONDITIONS = "DEBUG $(inherited)";
				SWIFT_EMIT_LOC_STRINGS = YES;
				SWIFT_VERSION = 5.0;
				TARGETED_DEVICE_FAMILY = "1,2";
			};
			name = Debug;
		};
		72D7921E2C8D01790023C27D /* Release */ = {
			isa = XCBuildConfiguration;
			buildSettings = {
				ASSETCATALOG_COMPILER_APPICON_NAME = AppIcon;
				ASSETCATALOG_COMPILER_GENERATE_SWIFT_ASSET_SYMBOL_EXTENSIONS = YES;
				ASSETCATALOG_COMPILER_GLOBAL_ACCENT_COLOR_NAME = AccentColor;
				CLANG_CXX_LANGUAGE_STANDARD = "gnu++20";
				CODE_SIGN_STYLE = Automatic;
				CURRENT_PROJECT_VERSION = 1;
				DEVELOPMENT_TEAM = T9559G4W45;
				ENABLE_USER_SCRIPT_SANDBOXING = YES;
				GCC_C_LANGUAGE_STANDARD = gnu17;
				GENERATE_INFOPLIST_FILE = YES;
				INFOPLIST_FILE = "MetalMandelbrot(iOS)/Info.plist";
				INFOPLIST_KEY_UIApplicationSupportsIndirectInputEvents = YES;
				INFOPLIST_KEY_UILaunchStoryboardName = LaunchScreen;
				INFOPLIST_KEY_UISupportedInterfaceOrientations_iPad = "UIInterfaceOrientationPortrait UIInterfaceOrientationPortraitUpsideDown UIInterfaceOrientationLandscapeLeft UIInterfaceOrientationLandscapeRight";
				INFOPLIST_KEY_UISupportedInterfaceOrientations_iPhone = "UIInterfaceOrientationPortrait UIInterfaceOrientationLandscapeLeft UIInterfaceOrientationLandscapeRight";
				IPHONEOS_DEPLOYMENT_TARGET = 17.5;
				LD_RUNPATH_SEARCH_PATHS = (
					"$(inherited)",
					"@executable_path/Frameworks",
				);
				LOCALIZATION_PREFERS_STRING_CATALOGS = YES;
				MARKETING_VERSION = 1.0;
				PRODUCT_BUNDLE_IDENTIFIER = "AntonHryshchuk.MetalMandelbrot-iOS";
				PRODUCT_NAME = "$(TARGET_NAME)";
				SUPPORTED_PLATFORMS = "iphoneos iphonesimulator";
				SUPPORTS_MACCATALYST = NO;
				SUPPORTS_MAC_DESIGNED_FOR_IPHONE_IPAD = NO;
				SWIFT_EMIT_LOC_STRINGS = YES;
				SWIFT_VERSION = 5.0;
				TARGETED_DEVICE_FAMILY = "1,2";
			};
			name = Release;
		};
		72D792312C8D01CC0023C27D /* Debug */ = {
			isa = XCBuildConfiguration;
			buildSettings = {
				ASSETCATALOG_COMPILER_APPICON_NAME = AppIcon;
				ASSETCATALOG_COMPILER_GENERATE_SWIFT_ASSET_SYMBOL_EXTENSIONS = YES;
				ASSETCATALOG_COMPILER_GLOBAL_ACCENT_COLOR_NAME = AccentColor;
				CLANG_CXX_LANGUAGE_STANDARD = "gnu++20";
				CODE_SIGN_ENTITLEMENTS = "MetalMandelbrot(macOS)/MetalMandelbrot_macOS_.entitlements";
				CODE_SIGN_STYLE = Automatic;
				COMBINE_HIDPI_IMAGES = YES;
				CURRENT_PROJECT_VERSION = 1;
				DEAD_CODE_STRIPPING = YES;
				DEVELOPMENT_TEAM = T9559G4W45;
				ENABLE_HARDENED_RUNTIME = YES;
				ENABLE_USER_SCRIPT_SANDBOXING = YES;
				GCC_C_LANGUAGE_STANDARD = gnu17;
				GENERATE_INFOPLIST_FILE = YES;
				INFOPLIST_KEY_NSHumanReadableCopyright = "";
				INFOPLIST_KEY_NSMainStoryboardFile = Main;
				INFOPLIST_KEY_NSPrincipalClass = NSApplication;
				LD_RUNPATH_SEARCH_PATHS = (
					"$(inherited)",
					"@executable_path/../Frameworks",
				);
				LOCALIZATION_PREFERS_STRING_CATALOGS = YES;
				MACOSX_DEPLOYMENT_TARGET = 14.5;
				MARKETING_VERSION = 1.0;
				PRODUCT_BUNDLE_IDENTIFIER = "AntonHryshchuk.MetalMandelbrot-macOS-";
				PRODUCT_NAME = "$(TARGET_NAME)";
				SDKROOT = macosx;
				SWIFT_ACTIVE_COMPILATION_CONDITIONS = "DEBUG $(inherited)";
				SWIFT_EMIT_LOC_STRINGS = YES;
				SWIFT_VERSION = 5.0;
			};
			name = Debug;
		};
		72D792322C8D01CC0023C27D /* Release */ = {
			isa = XCBuildConfiguration;
			buildSettings = {
				ASSETCATALOG_COMPILER_APPICON_NAME = AppIcon;
				ASSETCATALOG_COMPILER_GENERATE_SWIFT_ASSET_SYMBOL_EXTENSIONS = YES;
				ASSETCATALOG_COMPILER_GLOBAL_ACCENT_COLOR_NAME = AccentColor;
				CLANG_CXX_LANGUAGE_STANDARD = "gnu++20";
				CODE_SIGN_ENTITLEMENTS = "MetalMandelbrot(macOS)/MetalMandelbrot_macOS_.entitlements";
				CODE_SIGN_STYLE = Automatic;
				COMBINE_HIDPI_IMAGES = YES;
				CURRENT_PROJECT_VERSION = 1;
				DEAD_CODE_STRIPPING = YES;
				DEVELOPMENT_TEAM = T9559G4W45;
				ENABLE_HARDENED_RUNTIME = YES;
				ENABLE_USER_SCRIPT_SANDBOXING = YES;
				GCC_C_LANGUAGE_STANDARD = gnu17;
				GENERATE_INFOPLIST_FILE = YES;
				INFOPLIST_KEY_NSHumanReadableCopyright = "";
				INFOPLIST_KEY_NSMainStoryboardFile = Main;
				INFOPLIST_KEY_NSPrincipalClass = NSApplication;
				LD_RUNPATH_SEARCH_PATHS = (
					"$(inherited)",
					"@executable_path/../Frameworks",
				);
				LOCALIZATION_PREFERS_STRING_CATALOGS = YES;
				MACOSX_DEPLOYMENT_TARGET = 14.5;
				MARKETING_VERSION = 1.0;
				PRODUCT_BUNDLE_IDENTIFIER = "AntonHryshchuk.MetalMandelbrot-macOS-";
				PRODUCT_NAME = "$(TARGET_NAME)";
				SDKROOT = macosx;
				SWIFT_EMIT_LOC_STRINGS = YES;
				SWIFT_VERSION = 5.0;
			};
			name = Release;
		};
/* End XCBuildConfiguration section */

/* Begin XCConfigurationList section */
		3A1B68AD26C1C56B008AC4D9 /* Build configuration list for PBXProject "MetalMandelbrot" */ = {
			isa = XCConfigurationList;
			buildConfigurations = (
				3A1B68C426C1C56C008AC4D9 /* Debug */,
				3A1B68C526C1C56C008AC4D9 /* Release */,
			);
			defaultConfigurationIsVisible = 0;
			defaultConfigurationName = Release;
		};
		72D7921F2C8D01790023C27D /* Build configuration list for PBXNativeTarget "MetalMandelbrot(iOS)" */ = {
			isa = XCConfigurationList;
			buildConfigurations = (
				72D7921D2C8D01790023C27D /* Debug */,
				72D7921E2C8D01790023C27D /* Release */,
			);
			defaultConfigurationIsVisible = 0;
			defaultConfigurationName = Release;
		};
		72D792302C8D01CC0023C27D /* Build configuration list for PBXNativeTarget "MetalMandelbrot(macOS)" */ = {
			isa = XCConfigurationList;
			buildConfigurations = (
				72D792312C8D01CC0023C27D /* Debug */,
				72D792322C8D01CC0023C27D /* Release */,
			);
			defaultConfigurationIsVisible = 0;
			defaultConfigurationName = Release;
		};
/* End XCConfigurationList section */

/* Begin XCSwiftPackageProductDependency section */
		722C5FCC2C8F9FDD00F34653 /* FractalLibrary */ = {
			isa = XCSwiftPackageProductDependency;
			productName = FractalLibrary;
		};
		728FE9212CBB2E460026F489 /* FractalLibrary */ = {
			isa = XCSwiftPackageProductDependency;
			productName = FractalLibrary;
		};
/* End XCSwiftPackageProductDependency section */
	};
	rootObject = 3A1B68AA26C1C56B008AC4D9 /* Project object */;
}
